{
  "name": "tetracoord-explorer",
  "version": "0.0.1",
  "lockfileVersion": 2,
  "requires": true,
  "packages": {
    "": {
      "name": "tetracoord-explorer",
      "version": "0.0.1",
      "license": "SEE LICENSE IN license.txt",
      "dependencies": {
        "victor": "^1.1.0"
      },
      "devDependencies": {
        "@types/node": "^18.6.3",
        "@types/victor": "^1.1.0",
        "temp_js_logger": "^0.6.0",
        "typescript": "^4.7.4"
      }
    },
    "node_modules/@types/node": {
      "version": "18.6.3",
      "resolved": "https://registry.npmjs.org/@types/node/-/node-18.6.3.tgz",
      "integrity": "sha512-6qKpDtoaYLM+5+AFChLhHermMQxc3TOEFIDzrZLPRGHPrLEwqFkkT5Kx3ju05g6X7uDPazz3jHbKPX0KzCjntg==",
      "dev": true
    },
    "node_modules/@types/victor": {
      "version": "1.1.0",
      "resolved": "https://registry.npmjs.org/@types/victor/-/victor-1.1.0.tgz",
      "integrity": "sha512-37o+SnbGRoWqb2+6GQ3NoFX8Ff5zCvm0XsXFulNvO89t2zKluqb4twVORheAnmQ+iEd0rKzAcBGC2//3XBoU1A==",
      "dev": true
    },
    "node_modules/atomic-sleep": {
      "version": "1.0.0",
      "resolved": "https://registry.npmjs.org/atomic-sleep/-/atomic-sleep-1.0.0.tgz",
      "integrity": "sha512-kNOjDqAh7px0XWNI+4QbzoiR/nTkHAWNud2uvnJquD1/x5a7EQZMJT0AczqK0Qn67oY/TTQ1LbUKajZpp3I9tQ==",
      "dev": true,
      "optional": true,
      "engines": {
        "node": ">=8.0.0"
      }
    },
    "node_modules/chalk": {
      "version": "5.0.1",
      "resolved": "https://registry.npmjs.org/chalk/-/chalk-5.0.1.tgz",
      "integrity": "sha512-Fo07WOYGqMfCWHOzSXOt2CxDbC6skS/jO9ynEcmpANMoPrD+W1r1K6Vx7iNm+AQmETU1Xr2t+n8nzkV9t6xh3w==",
      "dev": true,
      "optional": true,
      "engines": {
        "node": "^12.17.0 || ^14.13 || >=16.0.0"
      },
      "funding": {
        "url": "https://github.com/chalk/chalk?sponsor=1"
      }
    },
    "node_modules/sonic-boom": {
      "version": "2.8.0",
      "resolved": "https://registry.npmjs.org/sonic-boom/-/sonic-boom-2.8.0.tgz",
      "integrity": "sha512-kuonw1YOYYNOve5iHdSahXPOK49GqwA+LZhI6Wz/l0rP57iKyXXIHaRagOBHAPmGwJC6od2Z9zgvZ5loSgMlVg==",
      "dev": true,
      "optional": true,
      "dependencies": {
        "atomic-sleep": "^1.0.0"
      }
    },
    "node_modules/temp_js_logger": {
      "version": "0.6.0",
      "resolved": "https://registry.npmjs.org/temp_js_logger/-/temp_js_logger-0.6.0.tgz",
      "integrity": "sha512-U0rX1HnwmY/DomDLmHh630KitkT/A7/nWrv2lspyQ4zNq60xszanuWya1cfZXzWzKKFkkgvOupzk8gEZakXgXA==",
      "dev": true,
      "optionalDependencies": {
        "chalk": "^5.0.0",
        "sonic-boom": "^2.7.0"
      }
    },
    "node_modules/typescript": {
      "version": "4.7.4",
      "resolved": "https://registry.npmjs.org/typescript/-/typescript-4.7.4.tgz",
      "integrity": "sha512-C0WQT0gezHuw6AdY1M2jxUO83Rjf0HP7Sk1DtXj6j1EwkQNZrHAg2XPWlq62oqEhYvONq5pkC2Y9oPljWToLmQ==",
      "dev": true,
      "bin": {
        "tsc": "bin/tsc",
        "tsserver": "bin/tsserver"
      },
      "engines": {
        "node": ">=4.2.0"
      }
    },
    "node_modules/victor": {
      "version": "1.1.0",
      "resolved": "https://registry.npmjs.org/victor/-/victor-1.1.0.tgz",
      "integrity": "sha512-s+EQHqIs5TNgLa3HHPr8oCpWFulQZzDX/PLaskVDeWXqEW12l54H5XD+cZ3gXrgvdOscqEcdAMXgEUZlJckQ4w=="
    }
  },
  "dependencies": {
    "@types/node": {
      "version": "18.6.3",
      "resolved": "https://registry.npmjs.org/@types/node/-/node-18.6.3.tgz",
      "integrity": "sha512-6qKpDtoaYLM+5+AFChLhHermMQxc3TOEFIDzrZLPRGHPrLEwqFkkT5Kx3ju05g6X7uDPazz3jHbKPX0KzCjntg==",
      "dev": true
    },
    "@types/victor": {
      "version": "1.1.0",
      "resolved": "https://registry.npmjs.org/@types/victor/-/victor-1.1.0.tgz",
      "integrity": "sha512-37o+SnbGRoWqb2+6GQ3NoFX8Ff5zCvm0XsXFulNvO89t2zKluqb4twVORheAnmQ+iEd0rKzAcBGC2//3XBoU1A==",
      "dev": true
    },
    "atomic-sleep": {
      "version": "1.0.0",
      "resolved": "https://registry.npmjs.org/atomic-sleep/-/atomic-sleep-1.0.0.tgz",
      "integrity": "sha512-kNOjDqAh7px0XWNI+4QbzoiR/nTkHAWNud2uvnJquD1/x5a7EQZMJT0AczqK0Qn67oY/TTQ1LbUKajZpp3I9tQ==",
      "dev": true,
      "optional": true
    },
    "chalk": {
      "version": "5.0.1",
      "resolved": "https://registry.npmjs.org/chalk/-/chalk-5.0.1.tgz",
      "integrity": "sha512-Fo07WOYGqMfCWHOzSXOt2CxDbC6skS/jO9ynEcmpANMoPrD+W1r1K6Vx7iNm+AQmETU1Xr2t+n8nzkV9t6xh3w==",
      "dev": true,
      "optional": true
    },
    "sonic-boom": {
      "version": "2.8.0",
      "resolved": "https://registry.npmjs.org/sonic-boom/-/sonic-boom-2.8.0.tgz",
      "integrity": "sha512-kuonw1YOYYNOve5iHdSahXPOK49GqwA+LZhI6Wz/l0rP57iKyXXIHaRagOBHAPmGwJC6od2Z9zgvZ5loSgMlVg==",
      "dev": true,
      "optional": true,
      "requires": {
        "atomic-sleep": "^1.0.0"
      }
    },
    "temp_js_logger": {
      "version": "0.6.0",
      "resolved": "https://registry.npmjs.org/temp_js_logger/-/temp_js_logger-0.6.0.tgz",
      "integrity": "sha512-U0rX1HnwmY/DomDLmHh630KitkT/A7/nWrv2lspyQ4zNq60xszanuWya1cfZXzWzKKFkkgvOupzk8gEZakXgXA==",
      "dev": true,
      "requires": {
        "chalk": "^5.0.0",
        "sonic-boom": "^2.7.0"
      }
    },
    "typescript": {
      "version": "4.7.4",
      "resolved": "https://registry.npmjs.org/typescript/-/typescript-4.7.4.tgz",
      "integrity": "sha512-C0WQT0gezHuw6AdY1M2jxUO83Rjf0HP7Sk1DtXj6j1EwkQNZrHAg2XPWlq62oqEhYvONq5pkC2Y9oPljWToLmQ==",
      "dev": true
    },
    "victor": {
      "version": "1.1.0",
      "resolved": "https://registry.npmjs.org/victor/-/victor-1.1.0.tgz",
      "integrity": "sha512-s+EQHqIs5TNgLa3HHPr8oCpWFulQZzDX/PLaskVDeWXqEW12l54H5XD+cZ3gXrgvdOscqEcdAMXgEUZlJckQ4w=="
    }
  }
}
